// !$*UTF8*$!
{
	archiveVersion = 1;
	classes = {
	};
	objectVersion = 46;
	objects = {

/* Begin PBXBuildFile section */
		AB1D44F41999531900D58337 /* Foundation.framework in Frameworks */ = {isa = PBXBuildFile; fileRef = AB1D44F31999531900D58337 /* Foundation.framework */; };
		AB1D44F61999531900D58337 /* CoreGraphics.framework in Frameworks */ = {isa = PBXBuildFile; fileRef = AB1D44F51999531900D58337 /* CoreGraphics.framework */; };
		AB1D44F81999531900D58337 /* UIKit.framework in Frameworks */ = {isa = PBXBuildFile; fileRef = AB1D44F71999531900D58337 /* UIKit.framework */; };
		AB1D44FE1999531900D58337 /* InfoPlist.strings in Resources */ = {isa = PBXBuildFile; fileRef = AB1D44FC1999531900D58337 /* InfoPlist.strings */; };
		AB1D45001999531900D58337 /* main.m in Sources */ = {isa = PBXBuildFile; fileRef = AB1D44FF1999531900D58337 /* main.m */; };
		AB1D45041999531900D58337 /* ARAppDelegate.m in Sources */ = {isa = PBXBuildFile; fileRef = AB1D45031999531900D58337 /* ARAppDelegate.m */; };
		AB1D45071999531900D58337 /* Main.storyboard in Resources */ = {isa = PBXBuildFile; fileRef = AB1D45051999531900D58337 /* Main.storyboard */; };
		AB1D450A1999531900D58337 /* ARViewController.m in Sources */ = {isa = PBXBuildFile; fileRef = AB1D45091999531900D58337 /* ARViewController.m */; };
		AB1D450C1999531900D58337 /* Images.xcassets in Resources */ = {isa = PBXBuildFile; fileRef = AB1D450B1999531900D58337 /* Images.xcassets */; };
		AB1D452B199954D400D58337 /* ARImageViewPopoverController.m in Sources */ = {isa = PBXBuildFile; fileRef = AB1D452A199954D400D58337 /* ARImageViewPopoverController.m */; };
		ABC60A0D199E91E200F8DAE4 /* demo image.jpg in Resources */ = {isa = PBXBuildFile; fileRef = ABC60A0C199E91E200F8DAE4 /* demo image.jpg */; };
		ABC60A10199FB68100F8DAE4 /* demo image 3.jpg in Resources */ = {isa = PBXBuildFile; fileRef = ABC60A0E199FB68100F8DAE4 /* demo image 3.jpg */; };
		ABC60A11199FB68100F8DAE4 /* demo image 2.jpg in Resources */ = {isa = PBXBuildFile; fileRef = ABC60A0F199FB68100F8DAE4 /* demo image 2.jpg */; };
/* End PBXBuildFile section */

/* Begin PBXFileReference section */
		AB1D44F01999531900D58337 /* ARImageViewPopoverController-Demo.app */ = {isa = PBXFileReference; explicitFileType = wrapper.application; includeInIndex = 0; path = "ARImageViewPopoverController-Demo.app"; sourceTree = BUILT_PRODUCTS_DIR; };
		AB1D44F31999531900D58337 /* Foundation.framework */ = {isa = PBXFileReference; lastKnownFileType = wrapper.framework; name = Foundation.framework; path = System/Library/Frameworks/Foundation.framework; sourceTree = SDKROOT; };
		AB1D44F51999531900D58337 /* CoreGraphics.framework */ = {isa = PBXFileReference; lastKnownFileType = wrapper.framework; name = CoreGraphics.framework; path = System/Library/Frameworks/CoreGraphics.framework; sourceTree = SDKROOT; };
		AB1D44F71999531900D58337 /* UIKit.framework */ = {isa = PBXFileReference; lastKnownFileType = wrapper.framework; name = UIKit.framework; path = System/Library/Frameworks/UIKit.framework; sourceTree = SDKROOT; };
		AB1D44FB1999531900D58337 /* ARImageViewPopoverController-Demo-Info.plist */ = {isa = PBXFileReference; lastKnownFileType = text.plist.xml; path = "ARImageViewPopoverController-Demo-Info.plist"; sourceTree = "<group>"; };
		AB1D44FD1999531900D58337 /* en */ = {isa = PBXFileReference; lastKnownFileType = text.plist.strings; name = en; path = en.lproj/InfoPlist.strings; sourceTree = "<group>"; };
		AB1D44FF1999531900D58337 /* main.m */ = {isa = PBXFileReference; lastKnownFileType = sourcecode.c.objc; path = main.m; sourceTree = "<group>"; };
		AB1D45011999531900D58337 /* ARImageViewPopoverController-Demo-Prefix.pch */ = {isa = PBXFileReference; lastKnownFileType = sourcecode.c.h; path = "ARImageViewPopoverController-Demo-Prefix.pch"; sourceTree = "<group>"; };
		AB1D45021999531900D58337 /* ARAppDelegate.h */ = {isa = PBXFileReference; lastKnownFileType = sourcecode.c.h; path = ARAppDelegate.h; sourceTree = "<group>"; };
		AB1D45031999531900D58337 /* ARAppDelegate.m */ = {isa = PBXFileReference; lastKnownFileType = sourcecode.c.objc; path = ARAppDelegate.m; sourceTree = "<group>"; };
		AB1D45061999531900D58337 /* Base */ = {isa = PBXFileReference; lastKnownFileType = file.storyboard; name = Base; path = Base.lproj/Main.storyboard; sourceTree = "<group>"; };
		AB1D45081999531900D58337 /* ARViewController.h */ = {isa = PBXFileReference; lastKnownFileType = sourcecode.c.h; path = ARViewController.h; sourceTree = "<group>"; };
		AB1D45091999531900D58337 /* ARViewController.m */ = {isa = PBXFileReference; lastKnownFileType = sourcecode.c.objc; path = ARViewController.m; sourceTree = "<group>"; };
		AB1D450B1999531900D58337 /* Images.xcassets */ = {isa = PBXFileReference; lastKnownFileType = folder.assetcatalog; path = Images.xcassets; sourceTree = "<group>"; };
		AB1D4529199954D400D58337 /* ARImageViewPopoverController.h */ = {isa = PBXFileReference; fileEncoding = 4; lastKnownFileType = sourcecode.c.h; name = ARImageViewPopoverController.h; path = ARImageViewPopoverController/ARImageViewPopoverController.h; sourceTree = "<group>"; };
		AB1D452A199954D400D58337 /* ARImageViewPopoverController.m */ = {isa = PBXFileReference; fileEncoding = 4; lastKnownFileType = sourcecode.c.objc; name = ARImageViewPopoverController.m; path = ARImageViewPopoverController/ARImageViewPopoverController.m; sourceTree = "<group>"; };
		ABC60A0C199E91E200F8DAE4 /* demo image.jpg */ = {isa = PBXFileReference; lastKnownFileType = image.jpeg; path = "demo image.jpg"; sourceTree = "<group>"; };
		ABC60A0E199FB68100F8DAE4 /* demo image 3.jpg */ = {isa = PBXFileReference; lastKnownFileType = image.jpeg; path = "demo image 3.jpg"; sourceTree = "<group>"; };
		ABC60A0F199FB68100F8DAE4 /* demo image 2.jpg */ = {isa = PBXFileReference; lastKnownFileType = image.jpeg; path = "demo image 2.jpg"; sourceTree = "<group>"; };
/* End PBXFileReference section */

/* Begin PBXFrameworksBuildPhase section */
		AB1D44ED1999531900D58337 /* Frameworks */ = {
			isa = PBXFrameworksBuildPhase;
			buildActionMask = 2147483647;
			files = (
				AB1D44F61999531900D58337 /* CoreGraphics.framework in Frameworks */,
				AB1D44F81999531900D58337 /* UIKit.framework in Frameworks */,
				AB1D44F41999531900D58337 /* Foundation.framework in Frameworks */,
			);
			runOnlyForDeploymentPostprocessing = 0;
		};
/* End PBXFrameworksBuildPhase section */

/* Begin PBXGroup section */
		AB1D44E71999531900D58337 = {
			isa = PBXGroup;
			children = (
				AB1D45281999533C00D58337 /* ARImageViewPopoverController */,
				AB1D44F91999531900D58337 /* ARImageViewPopoverController-Demo */,
				AB1D44F21999531900D58337 /* Frameworks */,
				AB1D44F11999531900D58337 /* Products */,
			);
			sourceTree = "<group>";
		};
		AB1D44F11999531900D58337 /* Products */ = {
			isa = PBXGroup;
			children = (
				AB1D44F01999531900D58337 /* ARImageViewPopoverController-Demo.app */,
			);
			name = Products;
			sourceTree = "<group>";
		};
		AB1D44F21999531900D58337 /* Frameworks */ = {
			isa = PBXGroup;
			children = (
				AB1D44F31999531900D58337 /* Foundation.framework */,
				AB1D44F51999531900D58337 /* CoreGraphics.framework */,
				AB1D44F71999531900D58337 /* UIKit.framework */,
			);
			name = Frameworks;
			sourceTree = "<group>";
		};
		AB1D44F91999531900D58337 /* ARImageViewPopoverController-Demo */ = {
			isa = PBXGroup;
			children = (
				ABC60A12199FB6F100F8DAE4 /* Demo Images */,
				AB1D45021999531900D58337 /* ARAppDelegate.h */,
				AB1D45031999531900D58337 /* ARAppDelegate.m */,
				AB1D45051999531900D58337 /* Main.storyboard */,
				AB1D45081999531900D58337 /* ARViewController.h */,
				AB1D45091999531900D58337 /* ARViewController.m */,
				AB1D450B1999531900D58337 /* Images.xcassets */,
				AB1D44FA1999531900D58337 /* Supporting Files */,
			);
			path = "ARImageViewPopoverController-Demo";
			sourceTree = "<group>";
		};
		AB1D44FA1999531900D58337 /* Supporting Files */ = {
			isa = PBXGroup;
			children = (
				AB1D44FB1999531900D58337 /* ARImageViewPopoverController-Demo-Info.plist */,
				AB1D44FC1999531900D58337 /* InfoPlist.strings */,
				AB1D44FF1999531900D58337 /* main.m */,
				AB1D45011999531900D58337 /* ARImageViewPopoverController-Demo-Prefix.pch */,
			);
			name = "Supporting Files";
			sourceTree = "<group>";
		};
		AB1D45281999533C00D58337 /* ARImageViewPopoverController */ = {
			isa = PBXGroup;
			children = (
				AB1D4529199954D400D58337 /* ARImageViewPopoverController.h */,
				AB1D452A199954D400D58337 /* ARImageViewPopoverController.m */,
			);
			name = ARImageViewPopoverController;
			sourceTree = "<group>";
		};
		ABC60A12199FB6F100F8DAE4 /* Demo Images */ = {
			isa = PBXGroup;
			children = (
				ABC60A0C199E91E200F8DAE4 /* demo image.jpg */,
				ABC60A0F199FB68100F8DAE4 /* demo image 2.jpg */,
				ABC60A0E199FB68100F8DAE4 /* demo image 3.jpg */,
			);
			name = "Demo Images";
			sourceTree = "<group>";
		};
/* End PBXGroup section */

/* Begin PBXNativeTarget section */
		AB1D44EF1999531900D58337 /* ARImageViewPopoverController-Demo */ = {
			isa = PBXNativeTarget;
			buildConfigurationList = AB1D45221999531900D58337 /* Build configuration list for PBXNativeTarget "ARImageViewPopoverController-Demo" */;
			buildPhases = (
				AB1D44EC1999531900D58337 /* Sources */,
				AB1D44ED1999531900D58337 /* Frameworks */,
				AB1D44EE1999531900D58337 /* Resources */,
			);
			buildRules = (
			);
			dependencies = (
			);
			name = "ARImageViewPopoverController-Demo";
			productName = "ARImageViewPopoverController-Demo";
			productReference = AB1D44F01999531900D58337 /* ARImageViewPopoverController-Demo.app */;
			productType = "com.apple.product-type.application";
		};
/* End PBXNativeTarget section */

/* Begin PBXProject section */
		AB1D44E81999531900D58337 /* Project object */ = {
			isa = PBXProject;
			attributes = {
				CLASSPREFIX = AR;
				LastUpgradeCheck = 0510;
				ORGANIZATIONNAME = "Adrian Russell";
			};
			buildConfigurationList = AB1D44EB1999531900D58337 /* Build configuration list for PBXProject "ARImageViewPopoverController-Demo" */;
			compatibilityVersion = "Xcode 3.2";
			developmentRegion = English;
			hasScannedForEncodings = 0;
			knownRegions = (
				en,
				Base,
			);
			mainGroup = AB1D44E71999531900D58337;
			productRefGroup = AB1D44F11999531900D58337 /* Products */;
			projectDirPath = "";
			projectRoot = "";
			targets = (
				AB1D44EF1999531900D58337 /* ARImageViewPopoverController-Demo */,
			);
		};
/* End PBXProject section */

/* Begin PBXResourcesBuildPhase section */
		AB1D44EE1999531900D58337 /* Resources */ = {
			isa = PBXResourcesBuildPhase;
			buildActionMask = 2147483647;
			files = (
				AB1D450C1999531900D58337 /* Images.xcassets in Resources */,
				ABC60A0D199E91E200F8DAE4 /* demo image.jpg in Resources */,
				AB1D44FE1999531900D58337 /* InfoPlist.strings in Resources */,
				AB1D45071999531900D58337 /* Main.storyboard in Resources */,
				ABC60A10199FB68100F8DAE4 /* demo image 3.jpg in Resources */,
				ABC60A11199FB68100F8DAE4 /* demo image 2.jpg in Resources */,
			);
			runOnlyForDeploymentPostprocessing = 0;
		};
/* End PBXResourcesBuildPhase section */

/* Begin PBXSourcesBuildPhase section */
		AB1D44EC1999531900D58337 /* Sources */ = {
			isa = PBXSourcesBuildPhase;
			buildActionMask = 2147483647;
			files = (
				AB1D45001999531900D58337 /* main.m in Sources */,
				AB1D452B199954D400D58337 /* ARImageViewPopoverController.m in Sources */,
				AB1D450A1999531900D58337 /* ARViewController.m in Sources */,
				AB1D45041999531900D58337 /* ARAppDelegate.m in Sources */,
			);
			runOnlyForDeploymentPostprocessing = 0;
		};
/* End PBXSourcesBuildPhase section */

/* Begin PBXVariantGroup section */
		AB1D44FC1999531900D58337 /* InfoPlist.strings */ = {
			isa = PBXVariantGroup;
			children = (
				AB1D44FD1999531900D58337 /* en */,
			);
			name = InfoPlist.strings;
			sourceTree = "<group>";
		};
		AB1D45051999531900D58337 /* Main.storyboard */ = {
			isa = PBXVariantGroup;
			children = (
				AB1D45061999531900D58337 /* Base */,
			);
			name = Main.storyboard;
			sourceTree = "<group>";
		};
/* End PBXVariantGroup section */

/* Begin XCBuildConfiguration section */
		AB1D45201999531900D58337 /* Debug */ = {
			isa = XCBuildConfiguration;
			buildSettings = {
				ALWAYS_SEARCH_USER_PATHS = NO;
				CLANG_CXX_LANGUAGE_STANDARD = "gnu++0x";
				CLANG_CXX_LIBRARY = "libc++";
				CLANG_ENABLE_MODULES = YES;
				CLANG_ENABLE_OBJC_ARC = YES;
				CLANG_WARN_BOOL_CONVERSION = YES;
				CLANG_WARN_CONSTANT_CONVERSION = YES;
				CLANG_WARN_DIRECT_OBJC_ISA_USAGE = YES_ERROR;
				CLANG_WARN_EMPTY_BODY = YES;
				CLANG_WARN_ENUM_CONVERSION = YES;
				CLANG_WARN_INT_CONVERSION = YES;
				CLANG_WARN_OBJC_ROOT_CLASS = YES_ERROR;
				CLANG_WARN__DUPLICATE_METHOD_MATCH = YES;
				"CODE_SIGN_IDENTITY[sdk=iphoneos*]" = "iPhone Developer";
				COPY_PHASE_STRIP = NO;
				GCC_C_LANGUAGE_STANDARD = gnu99;
				GCC_DYNAMIC_NO_PIC = NO;
				GCC_OPTIMIZATION_LEVEL = 0;
				GCC_PREPROCESSOR_DEFINITIONS = (
					"DEBUG=1",
					"$(inherited)",
				);
				GCC_SYMBOLS_PRIVATE_EXTERN = NO;
				GCC_WARN_64_TO_32_BIT_CONVERSION = YES;
				GCC_WARN_ABOUT_RETURN_TYPE = YES_ERROR;
				GCC_WARN_UNDECLARED_SELECTOR = YES;
				GCC_WARN_UNINITIALIZED_AUTOS = YES_AGGRESSIVE;
				GCC_WARN_UNUSED_FUNCTION = YES;
				GCC_WARN_UNUSED_VARIABLE = YES;
				IPHONEOS_DEPLOYMENT_TARGET = 6.1;
				ONLY_ACTIVE_ARCH = YES;
				SDKROOT = iphoneos;
				TARGETED_DEVICE_FAMILY = 2;
			};
			name = Debug;
		};
		AB1D45211999531900D58337 /* Release */ = {
			isa = XCBuildConfiguration;
			buildSettings = {
				ALWAYS_SEARCH_USER_PATHS = NO;
				CLANG_CXX_LANGUAGE_STANDARD = "gnu++0x";
				CLANG_CXX_LIBRARY = "libc++";
				CLANG_ENABLE_MODULES = YES;
				CLANG_ENABLE_OBJC_ARC = YES;
				CLANG_WARN_BOOL_CONVERSION = YES;
				CLANG_WARN_CONSTANT_CONVERSION = YES;
				CLANG_WARN_DIRECT_OBJC_ISA_USAGE = YES_ERROR;
				CLANG_WARN_EMPTY_BODY = YES;
				CLANG_WARN_ENUM_CONVERSION = YES;
				CLANG_WARN_INT_CONVERSION = YES;
				CLANG_WARN_OBJC_ROOT_CLASS = YES_ERROR;
				CLANG_WARN__DUPLICATE_METHOD_MATCH = YES;
				"CODE_SIGN_IDENTITY[sdk=iphoneos*]" = "iPhone Developer";
				COPY_PHASE_STRIP = YES;
				ENABLE_NS_ASSERTIONS = NO;
				GCC_C_LANGUAGE_STANDARD = gnu99;
				GCC_WARN_64_TO_32_BIT_CONVERSION = YES;
				GCC_WARN_ABOUT_RETURN_TYPE = YES_ERROR;
				GCC_WARN_UNDECLARED_SELECTOR = YES;
				GCC_WARN_UNINITIALIZED_AUTOS = YES_AGGRESSIVE;
				GCC_WARN_UNUSED_FUNCTION = YES;
				GCC_WARN_UNUSED_VARIABLE = YES;
				IPHONEOS_DEPLOYMENT_TARGET = 6.1;
				SDKROOT = iphoneos;
				TARGETED_DEVICE_FAMILY = 2;
				VALIDATE_PRODUCT = YES;
			};
			name = Release;
		};
		AB1D45231999531900D58337 /* Debug */ = {
			isa = XCBuildConfiguration;
			buildSettings = {
				ASSETCATALOG_COMPILER_APPICON_NAME = AppIcon;
				ASSETCATALOG_COMPILER_LAUNCHIMAGE_NAME = LaunchImage;
				GCC_PRECOMPILE_PREFIX_HEADER = YES;
				GCC_PREFIX_HEADER = "ARImageViewPopoverController-Demo/ARImageViewPopoverController-Demo-Prefix.pch";
				INFOPLIST_FILE = "ARImageViewPopoverController-Demo/ARImageViewPopoverController-Demo-Info.plist";
				PRODUCT_NAME = "$(TARGET_NAME)";
				WRAPPER_EXTENSION = app;
			};
			name = Debug;
		};
		AB1D45241999531900D58337 /* Release */ = {
			isa = XCBuildConfiguration;
			buildSettings = {
				ASSETCATALOG_COMPILER_APPICON_NAME = AppIcon;
				ASSETCATALOG_COMPILER_LAUNCHIMAGE_NAME = LaunchImage;
				GCC_PRECOMPILE_PREFIX_HEADER = YES;
				GCC_PREFIX_HEADER = "ARImageViewPopoverController-Demo/ARImageViewPopoverController-Demo-Prefix.pch";
				INFOPLIST_FILE = "ARImageViewPopoverController-Demo/ARImageViewPopoverController-Demo-Info.plist";
				PRODUCT_NAME = "$(TARGET_NAME)";
				WRAPPER_EXTENSION = app;
			};
			name = Release;
		};
/* End XCBuildConfiguration section */

/* Begin XCConfigurationList section */
		AB1D44EB1999531900D58337 /* Build configuration list for PBXProject "ARImageViewPopoverController-Demo" */ = {
			isa = XCConfigurationList;
			buildConfigurations = (
				AB1D45201999531900D58337 /* Debug */,
				AB1D45211999531900D58337 /* Release */,
			);
			defaultConfigurationIsVisible = 0;
			defaultConfigurationName = Release;
		};
		AB1D45221999531900D58337 /* Build configuration list for PBXNativeTarget "ARImageViewPopoverController-Demo" */ = {
			isa = XCConfigurationList;
			buildConfigurations = (
				AB1D45231999531900D58337 /* Debug */,
				AB1D45241999531900D58337 /* Release */,
			);
			defaultConfigurationIsVisible = 0;
			defaultConfigurationName = Release;
		};
/* End XCConfigurationList section */
	};
	rootObject = AB1D44E81999531900D58337 /* Project object */;
}
